
Microsoft Visual Studio Solution File, Format Version 12.00
# Visual Studio Version 16
VisualStudioVersion = 16.0.30105.148
MinimumVisualStudioVersion = 10.0.40219.1
Project("{2150E333-8FDC-42A3-9474-1A3956D46DE8}") = "Solution Items", "Solution Items", "{D1A88C95-10E5-4C08-9115-3241794B1988}"
	ProjectSection(SolutionItems) = preProject
		.gitignore = .gitignore
		LICENSE = LICENSE
		README.md = README.md
	EndProjectSection
EndProject
Project("{9A19103F-16F7-4668-BE54-9A1E7A4F7556}") = "FamilyTreeProject.DomainServices", "src\FamilyTreeProject.DomainServices\FamilyTreeProject.DomainServices.csproj", "{2BAA8950-FD2A-4CBB-B938-7DB939D108EC}"
EndProject
Project("{2150E333-8FDC-42A3-9474-1A3956D46DE8}") = "Tests", "Tests", "{F2C7462D-E36A-41D7-8D11-FECB25F18967}"
EndProject
Project("{9A19103F-16F7-4668-BE54-9A1E7A4F7556}") = "FamilyTreeProject.DomainServices.Tests", "tests\FamilyTreeProject.DomainServices.Tests\FamilyTreeProject.DomainServices.Tests.csproj", "{BE1CBE2E-9DFA-40D3-AE3F-4CC2E6756638}"
EndProject
Global
	GlobalSection(SolutionConfigurationPlatforms) = preSolution
		Debug|Any CPU = Debug|Any CPU
		Release|Any CPU = Release|Any CPU
	EndGlobalSection
	GlobalSection(ProjectConfigurationPlatforms) = postSolution
		{2BAA8950-FD2A-4CBB-B938-7DB939D108EC}.Debug|Any CPU.ActiveCfg = Debug|Any CPU
		{2BAA8950-FD2A-4CBB-B938-7DB939D108EC}.Debug|Any CPU.Build.0 = Debug|Any CPU
		{2BAA8950-FD2A-4CBB-B938-7DB939D108EC}.Release|Any CPU.ActiveCfg = Release|Any CPU
		{2BAA8950-FD2A-4CBB-B938-7DB939D108EC}.Release|Any CPU.Build.0 = Release|Any CPU
		{BE1CBE2E-9DFA-40D3-AE3F-4CC2E6756638}.Debug|Any CPU.ActiveCfg = Debug|Any CPU
		{BE1CBE2E-9DFA-40D3-AE3F-4CC2E6756638}.Debug|Any CPU.Build.0 = Debug|Any CPU
		{BE1CBE2E-9DFA-40D3-AE3F-4CC2E6756638}.Release|Any CPU.ActiveCfg = Release|Any CPU
		{BE1CBE2E-9DFA-40D3-AE3F-4CC2E6756638}.Release|Any CPU.Build.0 = Release|Any CPU
	EndGlobalSection
	GlobalSection(SolutionProperties) = preSolution
		HideSolutionNode = FALSE
	EndGlobalSection
	GlobalSection(NestedProjects) = preSolution
		{BE1CBE2E-9DFA-40D3-AE3F-4CC2E6756638} = {F2C7462D-E36A-41D7-8D11-FECB25F18967}
	EndGlobalSection
	GlobalSection(ExtensibilityGlobals) = postSolution
		SolutionGuid = {69702B56-A3DC-4DDC-9810-D67EC6DF4C5D}
	EndGlobalSection
EndGlobal
